
Microsoft Visual Studio Solution File, Format Version 12.00
# Visual Studio Version 17
VisualStudioVersion = 17.9.34701.34
MinimumVisualStudioVersion = 10.0.40219.1
Project("{9A19103F-16F7-4668-BE54-9A1E7A4F7556}") = "DroneAircraft", "DroneAircraft.csproj", "{421E6BA8-2279-45C0-875D-8B8432CF4930}"
EndProject
Global
	GlobalSection(SolutionConfigurationPlatforms) = preSolution
		Debug|Any CPU = Debug|Any CPU
		Release|Any CPU = Release|Any CPU
	EndGlobalSection
	GlobalSection(ProjectConfigurationPlatforms) = postSolution
		{421E6BA8-2279-45C0-875D-8B8432CF4930}.Debug|Any CPU.ActiveCfg = Debug|Any CPU
		{421E6BA8-2279-45C0-875D-8B8432CF4930}.Debug|Any CPU.Build.0 = Debug|Any CPU
		{421E6BA8-2279-45C0-875D-8B8432CF4930}.Release|Any CPU.ActiveCfg = Release|Any CPU
		{421E6BA8-2279-45C0-875D-8B8432CF4930}.Release|Any CPU.Build.0 = Release|Any CPU
	EndGlobalSection
	GlobalSection(SolutionProperties) = preSolution
		HideSolutionNode = FALSE
	EndGlobalSection
	GlobalSection(ExtensibilityGlobals) = postSolution
		SolutionGuid = {E4A7B6AD-9391-4274-932D-4CA726DF8E70}
	EndGlobalSection
EndGlobal
